
Microsoft Visual Studio Solution File, Format Version 12.00
# Visual Studio Version 16
VisualStudioVersion = 16.0.29709.97
MinimumVisualStudioVersion = 10.0.40219.1
Project("{9A19103F-16F7-4668-BE54-9A1E7A4F7556}") = "discord-webhook", "discord-webhook\discord-webhook.csproj", "{5982A48B-0853-40AC-A823-5FDB1B20B68F}"
EndProject
Project("{FAE04EC0-301F-11D3-BF4B-00C04F79EFBC}") = "discord-webhook-tests", "discord-webhook-tests\discord-webhook-tests.csproj", "{88B9A597-24AC-4215-8BE6-345874BAD559}"
EndProject
Global
	GlobalSection(SolutionConfigurationPlatforms) = preSolution
		Debug|Any CPU = Debug|Any CPU
		Release|Any CPU = Release|Any CPU
	EndGlobalSection
	GlobalSection(ProjectConfigurationPlatforms) = postSolution
		{5982A48B-0853-40AC-A823-5FDB1B20B68F}.Debug|Any CPU.ActiveCfg = Debug|Any CPU
		{5982A48B-0853-40AC-A823-5FDB1B20B68F}.Debug|Any CPU.Build.0 = Debug|Any CPU
		{5982A48B-0853-40AC-A823-5FDB1B20B68F}.Release|Any CPU.ActiveCfg = Release|Any CPU
		{5982A48B-0853-40AC-A823-5FDB1B20B68F}.Release|Any CPU.Build.0 = Release|Any CPU
		{88B9A597-24AC-4215-8BE6-345874BAD559}.Debug|Any CPU.ActiveCfg = Debug|Any CPU
		{88B9A597-24AC-4215-8BE6-345874BAD559}.Debug|Any CPU.Build.0 = Debug|Any CPU
		{88B9A597-24AC-4215-8BE6-345874BAD559}.Release|Any CPU.ActiveCfg = Release|Any CPU
		{88B9A597-24AC-4215-8BE6-345874BAD559}.Release|Any CPU.Build.0 = Release|Any CPU
	EndGlobalSection
	GlobalSection(SolutionProperties) = preSolution
		HideSolutionNode = FALSE
	EndGlobalSection
	GlobalSection(ExtensibilityGlobals) = postSolution
		SolutionGuid = {79CC270C-C261-4CBB-B7A8-7A4B6E3146AF}
	EndGlobalSection
EndGlobal
